
Microsoft Visual Studio Solution File, Format Version 12.00
# Visual Studio Version 17
VisualStudioVersion = 17.10.35013.160
MinimumVisualStudioVersion = 10.0.40219.1
Project("{FAE04EC0-301F-11D3-BF4B-00C04F79EFBC}") = "Lesson6LoadingsTask", "Lesson6LoadingsTask\Lesson6LoadingsTask.csproj", "{ABC443D7-8C95-4AD0-B326-BEF2E481E600}"
EndProject
Global
	GlobalSection(SolutionConfigurationPlatforms) = preSolution
		Debug|Any CPU = Debug|Any CPU
		Release|Any CPU = Release|Any CPU
	EndGlobalSection
	GlobalSection(ProjectConfigurationPlatforms) = postSolution
		{ABC443D7-8C95-4AD0-B326-BEF2E481E600}.Debug|Any CPU.ActiveCfg = Debug|Any CPU
		{ABC443D7-8C95-4AD0-B326-BEF2E481E600}.Debug|Any CPU.Build.0 = Debug|Any CPU
		{ABC443D7-8C95-4AD0-B326-BEF2E481E600}.Release|Any CPU.ActiveCfg = Release|Any CPU
		{ABC443D7-8C95-4AD0-B326-BEF2E481E600}.Release|Any CPU.Build.0 = Release|Any CPU
	EndGlobalSection
	GlobalSection(SolutionProperties) = preSolution
		HideSolutionNode = FALSE
	EndGlobalSection
	GlobalSection(ExtensibilityGlobals) = postSolution
		SolutionGuid = {65B2EE4F-F090-4FED-953D-16476A6C9783}
	EndGlobalSection
EndGlobal
